<?xml version="1.0" encoding="utf-8"?>
<Project ToolsVersion="4.0" xmlns="http://schemas.microsoft.com/developer/msbuild/2003">
  <ItemGroup>
    <Filter Include="ソース ファイル">
      <UniqueIdentifier>{4FC737F1-C7A5-4376-A066-2A32D752A2FF}</UniqueIdentifier>
      <Extensions>cpp;c;cc;cxx;c++;def;odl;idl;hpj;bat;asm;asmx</Extensions>
    </Filter>
    <Filter Include="ヘッダー ファイル">
      <UniqueIdentifier>{93995380-89BD-4b04-88EB-625FBE52EBFB}</UniqueIdentifier>
      <Extensions>h;hh;hpp;hxx;h++;hm;inl;inc;ipp;xsd</Extensions>
    </Filter>
    <Filter Include="リソース ファイル">
      <UniqueIdentifier>{67DA6AB6-F800-4c08-8B7A-83BB121AAD01}</UniqueIdentifier>
      <Extensions>rc;ico;cur;bmp;dlg;rc2;rct;bin;rgs;gif;jpg;jpeg;jpe;resx;tiff;tif;png;wav;mfcribbon-ms</Extensions>
    </Filter>
    <Filter Include="ヘッダー ファイル\基底クラス">
      <UniqueIdentifier>{491dcbd8-a1e0-413f-ad55-6c4e2121eefb}</UniqueIdentifier>
    </Filter>
    <Filter Include="ヘッダー ファイル\gameManager">
      <UniqueIdentifier>{76cdecff-086e-47ac-b428-ef35a5fa09d4}</UniqueIdentifier>
    </Filter>
    <Filter Include="ヘッダー ファイル\sceneManager">
      <UniqueIdentifier>{daf81df3-f3f6-4357-9b8b-6e40ce3f26de}</UniqueIdentifier>
    </Filter>
    <Filter Include="ソース ファイル\gameManager">
      <UniqueIdentifier>{b4d3791d-88e8-46ee-ad50-7cf2be75c028}</UniqueIdentifier>
    </Filter>
    <Filter Include="ソース ファイル\sceneManager">
      <UniqueIdentifier>{5b6087c7-8da8-4553-8f03-746abc0d7f70}</UniqueIdentifier>
    </Filter>
    <Filter Include="ヘッダー ファイル\派生中間クラス">
      <UniqueIdentifier>{b9633676-1afe-431c-bb4b-a79da2ee7f5f}</UniqueIdentifier>
    </Filter>
    <Filter Include="ソース ファイル\staticField">
      <UniqueIdentifier>{cb2bd884-6ad2-4204-986c-9deec01a6a4f}</UniqueIdentifier>
    </Filter>
    <Filter Include="ヘッダー ファイル\staticField">
      <UniqueIdentifier>{e0fba1d2-0226-470e-b479-75c4233e33ec}</UniqueIdentifier>
    </Filter>
    <Filter Include="ソース ファイル\gameMain">
      <UniqueIdentifier>{6720e455-4d7d-45ee-aaa8-be7cacc0eabb}</UniqueIdentifier>
    </Filter>
    <Filter Include="ヘッダー ファイル\gameMain">
      <UniqueIdentifier>{675c1891-fc9e-4553-9add-628572bbcd80}</UniqueIdentifier>
    </Filter>
    <Filter Include="ソース ファイル\titleManager">
      <UniqueIdentifier>{0707743d-ab5f-44ce-a9b7-ef5b5225f77e}</UniqueIdentifier>
    </Filter>
    <Filter Include="ヘッダー ファイル\errorManagement">
      <UniqueIdentifier>{5d41975e-d721-4612-a07d-64e3fd05e33c}</UniqueIdentifier>
    </Filter>
    <Filter Include="ソース ファイル\errorManagement">
      <UniqueIdentifier>{f2550112-7fae-4f62-87ed-0894c4afcd0f}</UniqueIdentifier>
    </Filter>
    <Filter Include="ヘッダー ファイル\gameMain\entity">
      <UniqueIdentifier>{eaa7e05a-41c4-42aa-9e7c-e70e40348fe2}</UniqueIdentifier>
    </Filter>
    <Filter Include="ヘッダー ファイル\titleManager">
      <UniqueIdentifier>{215b2d34-d1e2-4290-9b5b-d151a355906a}</UniqueIdentifier>
    </Filter>
    <Filter Include="ソース ファイル\gameMain\entity">
      <UniqueIdentifier>{fd03a70e-ceed-4782-bd53-6f8b7e3b85ea}</UniqueIdentifier>
    </Filter>
    <Filter Include="ソース ファイル\gameMain\entity\enemy">
      <UniqueIdentifier>{778745d4-4e21-49a2-981d-014a7c964d4c}</UniqueIdentifier>
    </Filter>
    <Filter Include="ヘッダー ファイル\gameMain\entity\enemy">
      <UniqueIdentifier>{925441f9-0116-47a3-ab49-27ab4a58bc69}</UniqueIdentifier>
    </Filter>
    <Filter Include="ヘッダー ファイル\gameMain\entity\shot">
      <UniqueIdentifier>{cf59f3b3-7525-4610-b200-8fa9a69052f9}</UniqueIdentifier>
    </Filter>
  </ItemGroup>
  <ItemGroup>
    <ClInclude Include="object.h">
      <Filter>ヘッダー ファイル\基底クラス</Filter>
    </ClInclude>
    <ClInclude Include="manager.h">
      <Filter>ヘッダー ファイル\派生中間クラス</Filter>
    </ClInclude>
    <ClInclude Include="gameCommon.h">
      <Filter>ヘッダー ファイル\基底クラス</Filter>
    </ClInclude>
    <ClInclude Include="sceneManager.h">
      <Filter>ヘッダー ファイル\sceneManager</Filter>
    </ClInclude>
    <ClInclude Include="gameManager.h">
      <Filter>ヘッダー ファイル\gameManager</Filter>
    </ClInclude>
    <ClInclude Include="stringHandle.h">
      <Filter>ヘッダー ファイル\staticField</Filter>
    </ClInclude>
    <ClInclude Include="inputDate.h">
      <Filter>ヘッダー ファイル\gameManager</Filter>
    </ClInclude>
    <ClInclude Include="cursorManager.h">
      <Filter>ヘッダー ファイル\gameManager</Filter>
    </ClInclude>
    <ClInclude Include="inputManager.h">
      <Filter>ヘッダー ファイル\gameManager</Filter>
    </ClInclude>
    <ClInclude Include="titleManager.h">
      <Filter>ヘッダー ファイル\titleManager</Filter>
    </ClInclude>
    <ClInclude Include="playerManager.h">
      <Filter>ヘッダー ファイル\gameMain</Filter>
    </ClInclude>
    <ClInclude Include="blueScreen.h">
      <Filter>ヘッダー ファイル\errorManagement</Filter>
    </ClInclude>
    <ClInclude Include="errorCode.h">
      <Filter>ヘッダー ファイル\errorManagement</Filter>
    </ClInclude>
    <ClInclude Include="soundManager.h">
      <Filter>ヘッダー ファイル\gameManager</Filter>
    </ClInclude>
    <ClInclude Include="mapManager.h">
      <Filter>ヘッダー ファイル\gameMain</Filter>
    </ClInclude>
    <ClInclude Include="enemyManager.h">
      <Filter>ヘッダー ファイル\gameMain</Filter>
    </ClInclude>
    <ClInclude Include="entity.h">
      <Filter>ヘッダー ファイル\派生中間クラス</Filter>
    </ClInclude>
    <ClInclude Include="player.h">
      <Filter>ヘッダー ファイル\gameMain\entity</Filter>
    </ClInclude>
    <ClInclude Include="debugData.h">
      <Filter>ヘッダー ファイル\errorManagement</Filter>
    </ClInclude>
    <ClInclude Include="enemy.h">
      <Filter>ヘッダー ファイル\gameMain\entity\enemy</Filter>
    </ClInclude>
    <ClInclude Include="enemyData.h">
      <Filter>ヘッダー ファイル\gameMain\entity\enemy</Filter>
    </ClInclude>
    <ClInclude Include="playerShot.h">
      <Filter>ヘッダー ファイル\gameMain\entity\shot</Filter>
    </ClInclude>
    <ClInclude Include="shotData.h">
      <Filter>ヘッダー ファイル\gameMain\entity\shot</Filter>
    </ClInclude>
    <ClInclude Include="vector2.h">
      <Filter>ヘッダー ファイル\基底クラス</Filter>
    </ClInclude>
  </ItemGroup>
  <ItemGroup>
    <ClCompile Include="gameManager.cpp">
      <Filter>ソース ファイル\gameManager</Filter>
    </ClCompile>
    <ClCompile Include="sceneManager.cpp">
      <Filter>ソース ファイル\sceneManager</Filter>
    </ClCompile>
    <ClCompile Include="main.cpp">
      <Filter>ソース ファイル</Filter>
    </ClCompile>
    <ClCompile Include="colorSample.h">
      <Filter>ヘッダー ファイル\staticField</Filter>
    </ClCompile>
    <ClCompile Include="stringHandle.cpp">
      <Filter>ソース ファイル\staticField</Filter>
    </ClCompile>
    <ClCompile Include="cursorManager.cpp">
      <Filter>ソース ファイル\gameManager</Filter>
    </ClCompile>
    <ClCompile Include="inputManager.cpp">
      <Filter>ソース ファイル\gameManager</Filter>
    </ClCompile>
    <ClCompile Include="gameMainManager.h">
      <Filter>ヘッダー ファイル\gameMain</Filter>
    </ClCompile>
    <ClCompile Include="gameMainManager.cpp">
      <Filter>ソース ファイル\gameMain</Filter>
    </ClCompile>
    <ClCompile Include="titleManager.cpp">
      <Filter>ソース ファイル\titleManager</Filter>
    </ClCompile>
    <ClCompile Include="playerManager.cpp">
      <Filter>ソース ファイル\gameMain</Filter>
    </ClCompile>
    <ClCompile Include="blueScreen.cpp">
      <Filter>ソース ファイル\errorManagement</Filter>
    </ClCompile>
    <ClCompile Include="soundManager.cpp">
      <Filter>ソース ファイル\gameManager</Filter>
    </ClCompile>
    <ClCompile Include="mapManagre.cpp">
      <Filter>ソース ファイル\gameMain</Filter>
    </ClCompile>
    <ClCompile Include="colorSample.cpp">
      <Filter>ソース ファイル\staticField</Filter>
    </ClCompile>
    <ClCompile Include="enemyManager.cpp">
      <Filter>ソース ファイル\gameMain</Filter>
    </ClCompile>
    <ClCompile Include="player.cpp">
      <Filter>ソース ファイル\gameMain\entity</Filter>
    </ClCompile>
    <ClCompile Include="enemy.cpp">
      <Filter>ソース ファイル\gameMain\entity\enemy</Filter>
    </ClCompile>
    <ClCompile Include="playerShot.cpp">
      <Filter>ソース ファイル\gameMain\entity</Filter>
    </ClCompile>
  </ItemGroup>
</Project>